{
    "version": 3,
    "terraform_version": "0.8.5",
    "serial": 19,
    "lineage": "39999845-e3d5-4e77-b203-cdcfda220381",
    "modules": [
        {
            "path": [
                "root"
            ],
            "outputs": {},
            "resources": {
                "aws_instance.awsbox": {
                    "type": "aws_instance",
                    "depends_on": [
                        "aws_key_pair.kp",
                        "aws_security_group.web",
                        "aws_subnet.s1",
                        "data.aws_ami.ubuntu"
                    ],
                    "primary": {
                        "id": "i-08928c0aa9993eddc",
                        "attributes": {
                            "ami": "ami-7c803d1c",
                            "associate_public_ip_address": "true",
                            "availability_zone": "us-west-2b",
                            "disable_api_termination": "false",
                            "ebs_block_device.#": "0",
                            "ebs_optimized": "false",
                            "ephemeral_block_device.#": "0",
                            "iam_instance_profile": "",
                            "id": "i-08928c0aa9993eddc",
                            "instance_state": "running",
                            "instance_type": "t2.small",
                            "key_name": "kevin-key",
                            "monitoring": "false",
                            "network_interface_id": "eni-d9c655a9",
                            "private_dns": "ip-10-0-20-235.us-west-2.compute.internal",
                            "private_ip": "10.0.20.235",
                            "public_dns": "",
                            "public_ip": "52.34.31.109",
                            "root_block_device.#": "1",
                            "root_block_device.0.delete_on_termination": "true",
                            "root_block_device.0.iops": "100",
                            "root_block_device.0.volume_size": "8",
                            "root_block_device.0.volume_type": "gp2",
                            "security_groups.#": "0",
                            "source_dest_check": "true",
                            "subnet_id": "subnet-4365c724",
                            "tags.%": "1",
                            "tags.Name": "awsbox",
                            "tenancy": "default",
                            "vpc_security_group_ids.#": "1",
                            "vpc_security_group_ids.1511550443": "sg-46a9263e"
                        },
                        "meta": {
                            "schema_version": "1"
                        },
                        "tainted": false
                    },
                    "deposed": [],
                    "provider": ""
                },
                "aws_internet_gateway.igw": {
                    "type": "aws_internet_gateway",
                    "depends_on": [
                        "aws_vpc.vpc"
                    ],
                    "primary": {
                        "id": "igw-abd88acf",
                        "attributes": {
                            "id": "igw-abd88acf",
                            "tags.%": "1",
                            "tags.Name": "igw",
                            "vpc_id": "vpc-0c46c86b"
                        },
                        "meta": {},
                        "tainted": false
                    },
                    "deposed": [],
                    "provider": ""
                },
                "aws_key_pair.kp": {
                    "type": "aws_key_pair",
                    "depends_on": [],
                    "primary": {
                        "id": "kevin-key",
                        "attributes": {
                            "fingerprint": "39:43:93:4f:4a:22:46:7a:1a:1c:f1:f4:b5:77:c7:1a",
                            "id": "kevin-key",
                            "key_name": "kevin-key",
                            "public_key": "ssh-rsa AAAAB3NzaC1yc2EAAAADAQABAAABAQDQSumbv08pNDe1bQhe560+tq5Iffv9eGh0bC5CYpp/fP0MLq5w7VGaSJLn4b5ANqKWvMiSixMtr+WWFXdYbaar1BrHuAMY83fXVUvCC7DIGJzF6fCVRs16ZkvozX53hb/tFJ2ea0hG4mAGnqljnB70Fk4EBfF/Tp9WKdHVqYulmMBbW2Ty0QEj1gE9DeL5V68o7b7BDb3wvBI0dxw0OEfuDtpKGAmI1Zz2vW4LefUNAca6yB518Q0WLnLiQ3iau0rg8Kl5EYgLUno94Ox2ohi8hbCntb/tCBGG8Xvnhz42gsbgkE5l1OZI+V1KxzSSiHbgMJxjVPcJL/eoFxAh0IiB KevinJames@thekev.in"
                        },
                        "meta": {
                            "schema_version": "1"
                        },
                        "tainted": false
                    },
                    "deposed": [],
                    "provider": ""
                },
                "aws_route_table.rt": {
                    "type": "aws_route_table",
                    "depends_on": [
                        "aws_internet_gateway.igw",
                        "aws_vpc.vpc"
                    ],
                    "primary": {
                        "id": "rtb-7e795919",
                        "attributes": {
                            "id": "rtb-7e795919",
                            "propagating_vgws.#": "0",
                            "route.#": "1",
                            "route.1727776027.cidr_block": "0.0.0.0/0",
                            "route.1727776027.gateway_id": "igw-abd88acf",
                            "route.1727776027.instance_id": "",
                            "route.1727776027.nat_gateway_id": "",
                            "route.1727776027.network_interface_id": "",
                            "route.1727776027.vpc_peering_connection_id": "",
                            "tags.%": "1",
                            "tags.Name": "rt",
                            "vpc_id": "vpc-0c46c86b"
                        },
                        "meta": {},
                        "tainted": false
                    },
                    "deposed": [],
                    "provider": ""
                },
                "aws_route_table_association.rta0": {
                    "type": "aws_route_table_association",
                    "depends_on": [
                        "aws_route_table.rt",
                        "aws_subnet.s0"
                    ],
                    "primary": {
                        "id": "rtbassoc-a0681fc6",
                        "attributes": {
                            "id": "rtbassoc-a0681fc6",
                            "route_table_id": "rtb-7e795919",
                            "subnet_id": "subnet-6fd91d26"
                        },
                        "meta": {},
                        "tainted": false
                    },
                    "deposed": [],
                    "provider": ""
                },
                "aws_route_table_association.rta1": {
                    "type": "aws_route_table_association",
                    "depends_on": [
                        "aws_route_table.rt",
                        "aws_subnet.s1"
                    ],
                    "primary": {
                        "id": "rtbassoc-a3681fc5",
                        "attributes": {
                            "id": "rtbassoc-a3681fc5",
                            "route_table_id": "rtb-7e795919",
                            "subnet_id": "subnet-4365c724"
                        },
                        "meta": {},
                        "tainted": false
                    },
                    "deposed": [],
                    "provider": ""
                },
                "aws_route_table_association.rta2": {
                    "type": "aws_route_table_association",
                    "depends_on": [
                        "aws_route_table.rt",
                        "aws_subnet.s2"
                    ],
                    "primary": {
                        "id": "rtbassoc-a2681fc4",
                        "attributes": {
                            "id": "rtbassoc-a2681fc4",
                            "route_table_id": "rtb-7e795919",
                            "subnet_id": "subnet-b38ba9eb"
                        },
                        "meta": {},
                        "tainted": false
                    },
                    "deposed": [],
                    "provider": ""
                },
                "aws_security_group.web": {
                    "type": "aws_security_group",
                    "depends_on": [
                        "aws_vpc.vpc"
                    ],
                    "primary": {
                        "id": "sg-46a9263e",
                        "attributes": {
                            "description": "web server defaults",
                            "egress.#": "1",
                            "egress.482069346.cidr_blocks.#": "1",
                            "egress.482069346.cidr_blocks.0": "0.0.0.0/0",
                            "egress.482069346.from_port": "0",
                            "egress.482069346.prefix_list_ids.#": "0",
                            "egress.482069346.protocol": "-1",
                            "egress.482069346.security_groups.#": "0",
                            "egress.482069346.self": "false",
                            "egress.482069346.to_port": "0",
                            "id": "sg-46a9263e",
                            "ingress.#": "3",
                            "ingress.2214680975.cidr_blocks.#": "1",
                            "ingress.2214680975.cidr_blocks.0": "0.0.0.0/0",
                            "ingress.2214680975.from_port": "80",
                            "ingress.2214680975.protocol": "tcp",
                            "ingress.2214680975.security_groups.#": "0",
                            "ingress.2214680975.self": "false",
                            "ingress.2214680975.to_port": "80",
                            "ingress.2541437006.cidr_blocks.#": "1",
                            "ingress.2541437006.cidr_blocks.0": "0.0.0.0/0",
                            "ingress.2541437006.from_port": "22",
                            "ingress.2541437006.protocol": "tcp",
                            "ingress.2541437006.security_groups.#": "0",
                            "ingress.2541437006.self": "false",
                            "ingress.2541437006.to_port": "22",
                            "ingress.2617001939.cidr_blocks.#": "1",
                            "ingress.2617001939.cidr_blocks.0": "0.0.0.0/0",
                            "ingress.2617001939.from_port": "443",
                            "ingress.2617001939.protocol": "tcp",
                            "ingress.2617001939.security_groups.#": "0",
                            "ingress.2617001939.self": "false",
                            "ingress.2617001939.to_port": "443",
                            "name": "web",
                            "owner_id": "803459528431",
                            "tags.%": "1",
                            "tags.Name": "web",
                            "vpc_id": "vpc-0c46c86b"
                        },
                        "meta": {},
                        "tainted": false
                    },
                    "deposed": [],
                    "provider": ""
                },
                "aws_subnet.s0": {
                    "type": "aws_subnet",
                    "depends_on": [
                        "aws_vpc.vpc"
                    ],
                    "primary": {
                        "id": "subnet-6fd91d26",
                        "attributes": {
                            "availability_zone": "us-west-2a",
                            "cidr_block": "10.0.0.0/20",
                            "id": "subnet-6fd91d26",
                            "map_public_ip_on_launch": "false",
                            "tags.%": "1",
                            "tags.Name": "0",
                            "vpc_id": "vpc-0c46c86b"
                        },
                        "meta": {},
                        "tainted": false
                    },
                    "deposed": [],
                    "provider": ""
                },
                "aws_subnet.s1": {
                    "type": "aws_subnet",
                    "depends_on": [
                        "aws_vpc.vpc"
                    ],
                    "primary": {
                        "id": "subnet-4365c724",
                        "attributes": {
                            "availability_zone": "us-west-2b",
                            "cidr_block": "10.0.16.0/20",
                            "id": "subnet-4365c724",
                            "map_public_ip_on_launch": "false",
                            "tags.%": "1",
                            "tags.Name": "1",
                            "vpc_id": "vpc-0c46c86b"
                        },
                        "meta": {},
                        "tainted": false
                    },
                    "deposed": [],
                    "provider": ""
                },
                "aws_subnet.s2": {
                    "type": "aws_subnet",
                    "depends_on": [
                        "aws_vpc.vpc"
                    ],
                    "primary": {
                        "id": "subnet-b38ba9eb",
                        "attributes": {
                            "availability_zone": "us-west-2c",
                            "cidr_block": "10.0.32.0/20",
                            "id": "subnet-b38ba9eb",
                            "map_public_ip_on_launch": "false",
                            "tags.%": "1",
                            "tags.Name": "2",
                            "vpc_id": "vpc-0c46c86b"
                        },
                        "meta": {},
                        "tainted": false
                    },
                    "deposed": [],
                    "provider": ""
                },
                "aws_vpc.vpc": {
                    "type": "aws_vpc",
                    "depends_on": [],
                    "primary": {
                        "id": "vpc-0c46c86b",
                        "attributes": {
                            "cidr_block": "10.0.0.0/16",
                            "default_network_acl_id": "acl-a28ef1c5",
                            "default_route_table_id": "rtb-76795911",
                            "default_security_group_id": "sg-77af200f",
                            "dhcp_options_id": "dopt-051da061",
                            "enable_classiclink": "false",
                            "enable_dns_hostnames": "false",
                            "enable_dns_support": "true",
                            "id": "vpc-0c46c86b",
                            "instance_tenancy": "default",
                            "main_route_table_id": "rtb-76795911",
                            "tags.%": "1",
                            "tags.Name": "vpc"
                        },
                        "meta": {},
                        "tainted": false
                    },
                    "deposed": [],
                    "provider": ""
                },
                "cloudflare_record.base": {
                    "type": "cloudflare_record",
                    "depends_on": [
                        "aws_instance.awsbox"
                    ],
                    "primary": {
                        "id": "37069501f700262ecdf1db935f072ab3",
                        "attributes": {
                            "domain": "thekev.in",
                            "hostname": "thekev.in",
                            "id": "37069501f700262ecdf1db935f072ab3",
                            "name": "@",
                            "priority": "0",
                            "proxied": "false",
                            "ttl": "1",
                            "type": "A",
                            "value": "52.34.31.109",
                            "zone_id": "b16202b6cdadb4d72e460f6c2be19fa7"
                        },
                        "meta": {
                            "schema_version": "1"
                        },
                        "tainted": false
                    },
                    "deposed": [],
                    "provider": ""
                },
                "cloudflare_record.devstat": {
                    "type": "cloudflare_record",
                    "depends_on": [],
                    "primary": {
                        "id": "0cc8775a5337bd875538fad82df087a3",
                        "attributes": {
                            "domain": "thekev.in",
                            "hostname": "devstat.thekev.in",
                            "id": "0cc8775a5337bd875538fad82df087a3",
                            "name": "devstat",
                            "priority": "0",
                            "proxied": "false",
                            "ttl": "1",
                            "type": "CNAME",
                            "value": "thekev.in",
                            "zone_id": "b16202b6cdadb4d72e460f6c2be19fa7"
                        },
                        "meta": {
                            "schema_version": "1"
                        },
                        "tainted": false
                    },
                    "deposed": [],
                    "provider": ""
                },
                "cloudflare_record.devstat_api": {
                    "type": "cloudflare_record",
                    "depends_on": [],
                    "primary": {
                        "id": "2ed80b0eb12553b7d8a55d2aa5a7c2b2",
                        "attributes": {
                            "domain": "thekev.in",
                            "hostname": "api.devstat.thekev.in",
                            "id": "2ed80b0eb12553b7d8a55d2aa5a7c2b2",
                            "name": "api.devstat",
                            "priority": "0",
                            "proxied": "false",
                            "ttl": "1",
                            "type": "CNAME",
                            "value": "thekev.in",
                            "zone_id": "b16202b6cdadb4d72e460f6c2be19fa7"
                        },
                        "meta": {
                            "schema_version": "1"
                        },
                        "tainted": false
                    },
                    "deposed": [],
                    "provider": ""
                },
                "cloudflare_record.dkim": {
                    "type": "cloudflare_record",
                    "depends_on": [],
                    "primary": {
                        "id": "fc2c2c009d7ee552160fdff58ee86a80",
                        "attributes": {
                            "domain": "thekev.in",
                            "hostname": "krs._domainkey.thekev.in",
                            "id": "fc2c2c009d7ee552160fdff58ee86a80",
                            "name": "krs._domainkey",
                            "priority": "0",
                            "proxied": "false",
                            "ttl": "1",
                            "type": "TXT",
                            "value": "k=rsa; p=MIGfMA0GCSqGSIb3DQEBAQUAA4GNADCBiQKBgQCT7TjG15xvCb7Bl1gAF8VrSHr4paJqkJLiGv+Q9YMVQO9+c8MAwGQcLTxiiMNY52jFcjhPIeg0OZOR+ORfKlxUQHCj1EzqQWoTCcV95RKwCudi2duh4Wqv+sZkqs//FRX0fEIdBS5K79vDftkWgeKqtbiskHa+eVxdMj6aPIDMrwIDAQAB",
                            "zone_id": "b16202b6cdadb4d72e460f6c2be19fa7"
                        },
                        "meta": {
                            "schema_version": "1"
                        },
                        "tainted": false
                    },
                    "deposed": [],
                    "provider": ""
                },
                "cloudflare_record.email": {
                    "type": "cloudflare_record",
                    "depends_on": [],
                    "primary": {
                        "id": "89c1df0ad4bdeb10a7c0989e86fcb539",
                        "attributes": {
                            "domain": "thekev.in",
                            "hostname": "email.thekev.in",
                            "id": "89c1df0ad4bdeb10a7c0989e86fcb539",
                            "name": "email",
                            "priority": "0",
                            "proxied": "false",
                            "ttl": "1",
                            "type": "CNAME",
                            "value": "mailgun.org",
                            "zone_id": "b16202b6cdadb4d72e460f6c2be19fa7"
                        },
                        "meta": {
                            "schema_version": "1"
                        },
                        "tainted": false
                    },
                    "deposed": [],
                    "provider": ""
                },
                "cloudflare_record.jarvis": {
                    "type": "cloudflare_record",
                    "depends_on": [],
                    "primary": {
                        "id": "a0acdcfe3c665f287570c62f429796a7",
                        "attributes": {
                            "domain": "thekev.in",
                            "hostname": "jarvis.thekev.in",
                            "id": "a0acdcfe3c665f287570c62f429796a7",
                            "name": "jarvis",
                            "priority": "0",
                            "proxied": "false",
                            "ttl": "1",
                            "type": "CNAME",
                            "value": "thekev.in",
                            "zone_id": "b16202b6cdadb4d72e460f6c2be19fa7"
                        },
                        "meta": {
                            "schema_version": "1"
                        },
                        "tainted": false
                    },
                    "deposed": [],
                    "provider": ""
                },
                "cloudflare_record.league": {
                    "type": "cloudflare_record",
                    "depends_on": [],
                    "primary": {
                        "id": "524e95a8fe43f0718e7894821074d2be",
                        "attributes": {
                            "domain": "thekev.in",
                            "hostname": "league.thekev.in",
                            "id": "524e95a8fe43f0718e7894821074d2be",
                            "name": "league",
                            "priority": "0",
                            "proxied": "false",
                            "ttl": "1",
                            "type": "CNAME",
                            "value": "thekev.in",
                            "zone_id": "b16202b6cdadb4d72e460f6c2be19fa7"
                        },
                        "meta": {
                            "schema_version": "1"
                        },
                        "tainted": false
                    },
                    "deposed": [],
                    "provider": ""
                },
                "cloudflare_record.mxa": {
                    "type": "cloudflare_record",
                    "depends_on": [],
                    "primary": {
                        "id": "147fb100e99093da283cbbd8b6534a9c",
                        "attributes": {
                            "domain": "thekev.in",
                            "hostname": "thekev.in",
                            "id": "147fb100e99093da283cbbd8b6534a9c",
                            "name": "@",
                            "priority": "10",
                            "proxied": "false",
                            "ttl": "1",
                            "type": "MX",
                            "value": "mxa.mailgun.org",
                            "zone_id": "b16202b6cdadb4d72e460f6c2be19fa7"
                        },
                        "meta": {
                            "schema_version": "1"
                        },
                        "tainted": false
                    },
                    "deposed": [],
                    "provider": ""
                },
                "cloudflare_record.mxb": {
                    "type": "cloudflare_record",
                    "depends_on": [],
                    "primary": {
                        "id": "d994831994e0dcd2ea677dad588d354f",
                        "attributes": {
                            "domain": "thekev.in",
                            "hostname": "thekev.in",
                            "id": "d994831994e0dcd2ea677dad588d354f",
                            "name": "@",
                            "priority": "10",
                            "proxied": "false",
                            "ttl": "1",
                            "type": "MX",
                            "value": "mxb.mailgun.org",
                            "zone_id": "b16202b6cdadb4d72e460f6c2be19fa7"
                        },
                        "meta": {
                            "schema_version": "1"
                        },
                        "tainted": false
                    },
                    "deposed": [],
                    "provider": ""
                },
                "cloudflare_record.netdata": {
                    "type": "cloudflare_record",
                    "depends_on": [],
                    "primary": {
                        "id": "0dc0f8fd1c30eaf5e8d11e097f47c79d",
                        "attributes": {
                            "domain": "thekev.in",
                            "hostname": "netdata.thekev.in",
                            "id": "0dc0f8fd1c30eaf5e8d11e097f47c79d",
                            "name": "netdata",
                            "priority": "0",
                            "proxied": "false",
                            "ttl": "1",
                            "type": "CNAME",
                            "value": "thekev.in",
                            "zone_id": "b16202b6cdadb4d72e460f6c2be19fa7"
                        },
                        "meta": {
                            "schema_version": "1"
                        },
                        "tainted": false
                    },
                    "deposed": [],
                    "provider": ""
                },
                "cloudflare_record.spf": {
                    "type": "cloudflare_record",
                    "depends_on": [],
                    "primary": {
                        "id": "5fd82bd72c78888adb4ebfb9de83a877",
                        "attributes": {
                            "domain": "thekev.in",
                            "hostname": "thekev.in",
                            "id": "5fd82bd72c78888adb4ebfb9de83a877",
                            "name": "@",
                            "priority": "0",
                            "proxied": "false",
                            "ttl": "1",
                            "type": "TXT",
                            "value": "v=spf1 include:mailgun.org ~all",
                            "zone_id": "b16202b6cdadb4d72e460f6c2be19fa7"
                        },
                        "meta": {
                            "schema_version": "1"
                        },
                        "tainted": false
                    },
                    "deposed": [],
                    "provider": ""
                },
                "cloudflare_record.status": {
                    "type": "cloudflare_record",
                    "depends_on": [],
                    "primary": {
                        "id": "e15bcce999cf03ab36440989fa5bbf3c",
                        "attributes": {
                            "domain": "thekev.in",
                            "hostname": "status.thekev.in",
                            "id": "e15bcce999cf03ab36440989fa5bbf3c",
                            "name": "status",
                            "priority": "0",
                            "proxied": "false",
                            "ttl": "1",
                            "type": "CNAME",
                            "value": "thekev.in",
                            "zone_id": "b16202b6cdadb4d72e460f6c2be19fa7"
                        },
                        "meta": {
                            "schema_version": "1"
                        },
                        "tainted": false
                    },
                    "deposed": [],
                    "provider": ""
                },
                "cloudflare_record.www": {
                    "type": "cloudflare_record",
                    "depends_on": [],
                    "primary": {
                        "id": "caa5050bcf4b63b49cd20585b5f68a76",
                        "attributes": {
                            "domain": "thekev.in",
                            "hostname": "www.thekev.in",
                            "id": "caa5050bcf4b63b49cd20585b5f68a76",
                            "name": "www",
                            "priority": "0",
                            "proxied": "false",
                            "ttl": "1",
                            "type": "CNAME",
                            "value": "thekev.in",
                            "zone_id": "b16202b6cdadb4d72e460f6c2be19fa7"
                        },
                        "meta": {
                            "schema_version": "1"
                        },
                        "tainted": false
                    },
                    "deposed": [],
                    "provider": ""
                },
                "cloudflare_record.youshouldread": {
                    "type": "cloudflare_record",
                    "depends_on": [],
                    "primary": {
                        "id": "106f552b54a2dc6bb044410407e6ede6",
                        "attributes": {
                            "domain": "thekev.in",
                            "hostname": "youshouldread.thekev.in",
                            "id": "106f552b54a2dc6bb044410407e6ede6",
                            "name": "youshouldread",
                            "priority": "0",
                            "proxied": "false",
                            "ttl": "1",
                            "type": "CNAME",
                            "value": "thekev.in",
                            "zone_id": "b16202b6cdadb4d72e460f6c2be19fa7"
                        },
                        "meta": {
                            "schema_version": "1"
                        },
                        "tainted": false
                    },
                    "deposed": [],
                    "provider": ""
                },
                "cloudflare_record.youshouldread_api": {
                    "type": "cloudflare_record",
                    "depends_on": [],
                    "primary": {
                        "id": "9ac3b97ef3cbaec9be0d9c7541a405a2",
                        "attributes": {
                            "domain": "thekev.in",
                            "hostname": "api.youshouldread.thekev.in",
                            "id": "9ac3b97ef3cbaec9be0d9c7541a405a2",
                            "name": "api.youshouldread",
                            "priority": "0",
                            "proxied": "false",
                            "ttl": "1",
                            "type": "CNAME",
                            "value": "thekev.in",
                            "zone_id": "b16202b6cdadb4d72e460f6c2be19fa7"
                        },
                        "meta": {
                            "schema_version": "1"
                        },
                        "tainted": false
                    },
                    "deposed": [],
                    "provider": ""
                },
                "cloudflare_record.ysr": {
                    "type": "cloudflare_record",
                    "depends_on": [],
                    "primary": {
                        "id": "d64b8500b896c77d591447b2614f5fa4",
                        "attributes": {
                            "domain": "thekev.in",
                            "hostname": "ysr.thekev.in",
                            "id": "d64b8500b896c77d591447b2614f5fa4",
                            "name": "ysr",
                            "priority": "0",
                            "proxied": "false",
                            "ttl": "1",
                            "type": "CNAME",
                            "value": "thekev.in",
                            "zone_id": "b16202b6cdadb4d72e460f6c2be19fa7"
                        },
                        "meta": {
                            "schema_version": "1"
                        },
                        "tainted": false
                    },
                    "deposed": [],
                    "provider": ""
                },
                "cloudflare_record.ysr_api": {
                    "type": "cloudflare_record",
                    "depends_on": [],
                    "primary": {
                        "id": "3345f2d0903b6c5883cdb7a43c3290b2",
                        "attributes": {
                            "domain": "thekev.in",
                            "hostname": "api.ysr.thekev.in",
                            "id": "3345f2d0903b6c5883cdb7a43c3290b2",
                            "name": "api.ysr",
                            "priority": "0",
                            "proxied": "false",
                            "ttl": "1",
                            "type": "CNAME",
                            "value": "thekev.in",
                            "zone_id": "b16202b6cdadb4d72e460f6c2be19fa7"
                        },
                        "meta": {
                            "schema_version": "1"
                        },
                        "tainted": false
                    },
                    "deposed": [],
                    "provider": ""
                },
                "data.aws_ami.ubuntu": {
                    "type": "aws_ami",
                    "depends_on": [],
                    "primary": {
                        "id": "ami-7c803d1c",
                        "attributes": {
                            "architecture": "x86_64",
                            "block_device_mappings.#": "3",
                            "block_device_mappings.1634610537.device_name": "/dev/sdb",
                            "block_device_mappings.1634610537.ebs.%": "0",
                            "block_device_mappings.1634610537.no_device": "",
                            "block_device_mappings.1634610537.virtual_name": "ephemeral0",
                            "block_device_mappings.2547816212.device_name": "/dev/sda1",
                            "block_device_mappings.2547816212.ebs.%": "6",
                            "block_device_mappings.2547816212.ebs.delete_on_termination": "true",
                            "block_device_mappings.2547816212.ebs.encrypted": "false",
                            "block_device_mappings.2547816212.ebs.iops": "0",
                            "block_device_mappings.2547816212.ebs.snapshot_id": "snap-0f23409e560e2f059",
                            "block_device_mappings.2547816212.ebs.volume_size": "8",
                            "block_device_mappings.2547816212.ebs.volume_type": "gp2",
                            "block_device_mappings.2547816212.no_device": "",
                            "block_device_mappings.2547816212.virtual_name": "",
                            "block_device_mappings.3850042718.device_name": "/dev/sdc",
                            "block_device_mappings.3850042718.ebs.%": "0",
                            "block_device_mappings.3850042718.no_device": "",
                            "block_device_mappings.3850042718.virtual_name": "ephemeral1",
                            "creation_date": "2017-01-14T02:34:22.000Z",
                            "filter.#": "2",
                            "filter.1585153008.name": "name",
                            "filter.1585153008.values.#": "1",
                            "filter.1585153008.values.0": "ubuntu/images/hvm-ssd/ubuntu-xenial-16.04-amd64-server-*",
                            "filter.490168357.name": "virtualization-type",
                            "filter.490168357.values.#": "1",
                            "filter.490168357.values.0": "hvm",
                            "hypervisor": "xen",
                            "id": "ami-7c803d1c",
                            "image_id": "ami-7c803d1c",
                            "image_location": "099720109477/ubuntu/images/hvm-ssd/ubuntu-xenial-16.04-amd64-server-20170113",
                            "image_type": "machine",
                            "most_recent": "true",
                            "name": "ubuntu/images/hvm-ssd/ubuntu-xenial-16.04-amd64-server-20170113",
                            "owner_id": "099720109477",
                            "owners.#": "1",
                            "owners.0": "099720109477",
                            "product_codes.#": "0",
                            "public": "true",
                            "root_device_name": "/dev/sda1",
                            "root_device_type": "ebs",
                            "sriov_net_support": "simple",
                            "state": "available",
                            "state_reason.%": "2",
                            "state_reason.code": "UNSET",
                            "state_reason.message": "UNSET",
                            "tags.#": "0",
                            "virtualization_type": "hvm"
                        },
                        "meta": {},
                        "tainted": false
                    },
                    "deposed": [],
                    "provider": ""
                }
            },
            "depends_on": []
        }
    ]
}
