{
    "version": 3,
    "terraform_version": "0.8.5",
    "serial": 2,
    "lineage": "39999845-e3d5-4e77-b203-cdcfda220381",
    "modules": [
        {
            "path": [
                "root"
            ],
            "outputs": {},
            "resources": {
                "cloudflare_record.dkim": {
                    "type": "cloudflare_record",
                    "depends_on": [],
                    "primary": {
                        "id": "fc2c2c009d7ee552160fdff58ee86a80",
                        "attributes": {
                            "domain": "thekev.in",
                            "hostname": "krs._domainkey.thekev.in",
                            "id": "fc2c2c009d7ee552160fdff58ee86a80",
                            "name": "krs._domainkey",
                            "priority": "0",
                            "proxied": "false",
                            "ttl": "1",
                            "type": "TXT",
                            "value": "k=rsa; p=MIGfMA0GCSqGSIb3DQEBAQUAA4GNADCBiQKBgQCT7TjG15xvCb7Bl1gAF8VrSHr4paJqkJLiGv+Q9YMVQO9+c8MAwGQcLTxiiMNY52jFcjhPIeg0OZOR+ORfKlxUQHCj1EzqQWoTCcV95RKwCudi2duh4Wqv+sZkqs//FRX0fEIdBS5K79vDftkWgeKqtbiskHa+eVxdMj6aPIDMrwIDAQAB",
                            "zone_id": "b16202b6cdadb4d72e460f6c2be19fa7"
                        },
                        "meta": {
                            "schema_version": "1"
                        },
                        "tainted": false
                    },
                    "deposed": [],
                    "provider": ""
                },
                "cloudflare_record.spf": {
                    "type": "cloudflare_record",
                    "depends_on": [],
                    "primary": {
                        "id": "5fd82bd72c78888adb4ebfb9de83a877",
                        "attributes": {
                            "domain": "thekev.in",
                            "hostname": "thekev.in",
                            "id": "5fd82bd72c78888adb4ebfb9de83a877",
                            "name": "@",
                            "priority": "0",
                            "proxied": "false",
                            "ttl": "1",
                            "type": "TXT",
                            "value": "v=spf1 include:mailgun.org ~all",
                            "zone_id": "b16202b6cdadb4d72e460f6c2be19fa7"
                        },
                        "meta": {
                            "schema_version": "1"
                        },
                        "tainted": false
                    },
                    "deposed": [],
                    "provider": ""
                }
            },
            "depends_on": []
        }
    ]
}
