{
    "version": 3,
    "terraform_version": "0.8.5",
    "serial": 6,
    "lineage": "39999845-e3d5-4e77-b203-cdcfda220381",
    "modules": [
        {
            "path": [
                "root"
            ],
            "outputs": {},
            "resources": {
                "cloudflare_record.base": {
                    "type": "cloudflare_record",
                    "depends_on": [],
                    "primary": {
                        "id": "37069501f700262ecdf1db935f072ab3",
                        "attributes": {
                            "domain": "thekev.in",
                            "hostname": "thekev.in",
                            "id": "37069501f700262ecdf1db935f072ab3",
                            "name": "@",
                            "priority": "0",
                            "proxied": "false",
                            "ttl": "1",
                            "type": "A",
                            "value": "54.68.57.73",
                            "zone_id": "b16202b6cdadb4d72e460f6c2be19fa7"
                        },
                        "meta": {
                            "schema_version": "1"
                        },
                        "tainted": false
                    },
                    "deposed": [],
                    "provider": ""
                },
                "cloudflare_record.devstat": {
                    "type": "cloudflare_record",
                    "depends_on": [],
                    "primary": {
                        "id": "0cc8775a5337bd875538fad82df087a3",
                        "attributes": {
                            "domain": "thekev.in",
                            "hostname": "devstat.thekev.in",
                            "id": "0cc8775a5337bd875538fad82df087a3",
                            "name": "devstat",
                            "priority": "0",
                            "proxied": "false",
                            "ttl": "1",
                            "type": "CNAME",
                            "value": "thekev.in",
                            "zone_id": "b16202b6cdadb4d72e460f6c2be19fa7"
                        },
                        "meta": {
                            "schema_version": "1"
                        },
                        "tainted": false
                    },
                    "deposed": [],
                    "provider": ""
                },
                "cloudflare_record.devstat_api": {
                    "type": "cloudflare_record",
                    "depends_on": [],
                    "primary": {
                        "id": "2ed80b0eb12553b7d8a55d2aa5a7c2b2",
                        "attributes": {
                            "domain": "thekev.in",
                            "hostname": "api.devstat.thekev.in",
                            "id": "2ed80b0eb12553b7d8a55d2aa5a7c2b2",
                            "name": "api.devstat",
                            "priority": "0",
                            "proxied": "false",
                            "ttl": "1",
                            "type": "CNAME",
                            "value": "thekev.in",
                            "zone_id": "b16202b6cdadb4d72e460f6c2be19fa7"
                        },
                        "meta": {
                            "schema_version": "1"
                        },
                        "tainted": false
                    },
                    "deposed": [],
                    "provider": ""
                },
                "cloudflare_record.dkim": {
                    "type": "cloudflare_record",
                    "depends_on": [],
                    "primary": {
                        "id": "fc2c2c009d7ee552160fdff58ee86a80",
                        "attributes": {
                            "domain": "thekev.in",
                            "hostname": "krs._domainkey.thekev.in",
                            "id": "fc2c2c009d7ee552160fdff58ee86a80",
                            "name": "krs._domainkey",
                            "priority": "0",
                            "proxied": "false",
                            "ttl": "1",
                            "type": "TXT",
                            "value": "k=rsa; p=MIGfMA0GCSqGSIb3DQEBAQUAA4GNADCBiQKBgQCT7TjG15xvCb7Bl1gAF8VrSHr4paJqkJLiGv+Q9YMVQO9+c8MAwGQcLTxiiMNY52jFcjhPIeg0OZOR+ORfKlxUQHCj1EzqQWoTCcV95RKwCudi2duh4Wqv+sZkqs//FRX0fEIdBS5K79vDftkWgeKqtbiskHa+eVxdMj6aPIDMrwIDAQAB",
                            "zone_id": "b16202b6cdadb4d72e460f6c2be19fa7"
                        },
                        "meta": {
                            "schema_version": "1"
                        },
                        "tainted": false
                    },
                    "deposed": [],
                    "provider": ""
                },
                "cloudflare_record.email": {
                    "type": "cloudflare_record",
                    "depends_on": [],
                    "primary": {
                        "id": "89c1df0ad4bdeb10a7c0989e86fcb539",
                        "attributes": {
                            "domain": "thekev.in",
                            "hostname": "email.thekev.in",
                            "id": "89c1df0ad4bdeb10a7c0989e86fcb539",
                            "name": "email",
                            "priority": "0",
                            "proxied": "false",
                            "ttl": "1",
                            "type": "CNAME",
                            "value": "mailgun.org",
                            "zone_id": "b16202b6cdadb4d72e460f6c2be19fa7"
                        },
                        "meta": {
                            "schema_version": "1"
                        },
                        "tainted": false
                    },
                    "deposed": [],
                    "provider": ""
                },
                "cloudflare_record.jarvis": {
                    "type": "cloudflare_record",
                    "depends_on": [],
                    "primary": {
                        "id": "a0acdcfe3c665f287570c62f429796a7",
                        "attributes": {
                            "domain": "thekev.in",
                            "hostname": "jarvis.thekev.in",
                            "id": "a0acdcfe3c665f287570c62f429796a7",
                            "name": "jarvis",
                            "priority": "0",
                            "proxied": "false",
                            "ttl": "1",
                            "type": "CNAME",
                            "value": "thekev.in",
                            "zone_id": "b16202b6cdadb4d72e460f6c2be19fa7"
                        },
                        "meta": {
                            "schema_version": "1"
                        },
                        "tainted": false
                    },
                    "deposed": [],
                    "provider": ""
                },
                "cloudflare_record.league": {
                    "type": "cloudflare_record",
                    "depends_on": [],
                    "primary": {
                        "id": "524e95a8fe43f0718e7894821074d2be",
                        "attributes": {
                            "domain": "thekev.in",
                            "hostname": "league.thekev.in",
                            "id": "524e95a8fe43f0718e7894821074d2be",
                            "name": "league",
                            "priority": "0",
                            "proxied": "false",
                            "ttl": "1",
                            "type": "CNAME",
                            "value": "thekev.in",
                            "zone_id": "b16202b6cdadb4d72e460f6c2be19fa7"
                        },
                        "meta": {
                            "schema_version": "1"
                        },
                        "tainted": false
                    },
                    "deposed": [],
                    "provider": ""
                },
                "cloudflare_record.mxa": {
                    "type": "cloudflare_record",
                    "depends_on": [],
                    "primary": {
                        "id": "147fb100e99093da283cbbd8b6534a9c",
                        "attributes": {
                            "domain": "thekev.in",
                            "hostname": "thekev.in",
                            "id": "147fb100e99093da283cbbd8b6534a9c",
                            "name": "@",
                            "priority": "10",
                            "proxied": "false",
                            "ttl": "1",
                            "type": "MX",
                            "value": "mxa.mailgun.org",
                            "zone_id": "b16202b6cdadb4d72e460f6c2be19fa7"
                        },
                        "meta": {
                            "schema_version": "1"
                        },
                        "tainted": false
                    },
                    "deposed": [],
                    "provider": ""
                },
                "cloudflare_record.mxb": {
                    "type": "cloudflare_record",
                    "depends_on": [],
                    "primary": {
                        "id": "d994831994e0dcd2ea677dad588d354f",
                        "attributes": {
                            "domain": "thekev.in",
                            "hostname": "thekev.in",
                            "id": "d994831994e0dcd2ea677dad588d354f",
                            "name": "@",
                            "priority": "10",
                            "proxied": "false",
                            "ttl": "1",
                            "type": "MX",
                            "value": "mxb.mailgun.org",
                            "zone_id": "b16202b6cdadb4d72e460f6c2be19fa7"
                        },
                        "meta": {
                            "schema_version": "1"
                        },
                        "tainted": false
                    },
                    "deposed": [],
                    "provider": ""
                },
                "cloudflare_record.netdata": {
                    "type": "cloudflare_record",
                    "depends_on": [],
                    "primary": {
                        "id": "0dc0f8fd1c30eaf5e8d11e097f47c79d",
                        "attributes": {
                            "domain": "thekev.in",
                            "hostname": "netdata.thekev.in",
                            "id": "0dc0f8fd1c30eaf5e8d11e097f47c79d",
                            "name": "netdata",
                            "priority": "0",
                            "proxied": "false",
                            "ttl": "1",
                            "type": "CNAME",
                            "value": "thekev.in",
                            "zone_id": "b16202b6cdadb4d72e460f6c2be19fa7"
                        },
                        "meta": {
                            "schema_version": "1"
                        },
                        "tainted": false
                    },
                    "deposed": [],
                    "provider": ""
                },
                "cloudflare_record.spf": {
                    "type": "cloudflare_record",
                    "depends_on": [],
                    "primary": {
                        "id": "5fd82bd72c78888adb4ebfb9de83a877",
                        "attributes": {
                            "domain": "thekev.in",
                            "hostname": "thekev.in",
                            "id": "5fd82bd72c78888adb4ebfb9de83a877",
                            "name": "@",
                            "priority": "0",
                            "proxied": "false",
                            "ttl": "1",
                            "type": "TXT",
                            "value": "v=spf1 include:mailgun.org ~all",
                            "zone_id": "b16202b6cdadb4d72e460f6c2be19fa7"
                        },
                        "meta": {
                            "schema_version": "1"
                        },
                        "tainted": false
                    },
                    "deposed": [],
                    "provider": ""
                },
                "cloudflare_record.status": {
                    "type": "cloudflare_record",
                    "depends_on": [],
                    "primary": {
                        "id": "e15bcce999cf03ab36440989fa5bbf3c",
                        "attributes": {
                            "domain": "thekev.in",
                            "hostname": "status.thekev.in",
                            "id": "e15bcce999cf03ab36440989fa5bbf3c",
                            "name": "status",
                            "priority": "0",
                            "proxied": "false",
                            "ttl": "1",
                            "type": "CNAME",
                            "value": "thekev.in",
                            "zone_id": "b16202b6cdadb4d72e460f6c2be19fa7"
                        },
                        "meta": {
                            "schema_version": "1"
                        },
                        "tainted": false
                    },
                    "deposed": [],
                    "provider": ""
                },
                "cloudflare_record.www": {
                    "type": "cloudflare_record",
                    "depends_on": [],
                    "primary": {
                        "id": "caa5050bcf4b63b49cd20585b5f68a76",
                        "attributes": {
                            "domain": "thekev.in",
                            "hostname": "www.thekev.in",
                            "id": "caa5050bcf4b63b49cd20585b5f68a76",
                            "name": "www",
                            "priority": "0",
                            "proxied": "false",
                            "ttl": "1",
                            "type": "CNAME",
                            "value": "thekev.in",
                            "zone_id": "b16202b6cdadb4d72e460f6c2be19fa7"
                        },
                        "meta": {
                            "schema_version": "1"
                        },
                        "tainted": false
                    },
                    "deposed": [],
                    "provider": ""
                },
                "cloudflare_record.youshouldread": {
                    "type": "cloudflare_record",
                    "depends_on": [],
                    "primary": {
                        "id": "106f552b54a2dc6bb044410407e6ede6",
                        "attributes": {
                            "domain": "thekev.in",
                            "hostname": "youshouldread.thekev.in",
                            "id": "106f552b54a2dc6bb044410407e6ede6",
                            "name": "youshouldread",
                            "priority": "0",
                            "proxied": "false",
                            "ttl": "1",
                            "type": "CNAME",
                            "value": "thekev.in",
                            "zone_id": "b16202b6cdadb4d72e460f6c2be19fa7"
                        },
                        "meta": {
                            "schema_version": "1"
                        },
                        "tainted": false
                    },
                    "deposed": [],
                    "provider": ""
                },
                "cloudflare_record.youshouldread_api": {
                    "type": "cloudflare_record",
                    "depends_on": [],
                    "primary": {
                        "id": "9ac3b97ef3cbaec9be0d9c7541a405a2",
                        "attributes": {
                            "domain": "thekev.in",
                            "hostname": "api.youshouldread.thekev.in",
                            "id": "9ac3b97ef3cbaec9be0d9c7541a405a2",
                            "name": "api.youshouldread",
                            "priority": "0",
                            "proxied": "false",
                            "ttl": "1",
                            "type": "CNAME",
                            "value": "thekev.in",
                            "zone_id": "b16202b6cdadb4d72e460f6c2be19fa7"
                        },
                        "meta": {
                            "schema_version": "1"
                        },
                        "tainted": false
                    },
                    "deposed": [],
                    "provider": ""
                },
                "cloudflare_record.ysr": {
                    "type": "cloudflare_record",
                    "depends_on": [],
                    "primary": {
                        "id": "d64b8500b896c77d591447b2614f5fa4",
                        "attributes": {
                            "domain": "thekev.in",
                            "hostname": "ysr.thekev.in",
                            "id": "d64b8500b896c77d591447b2614f5fa4",
                            "name": "ysr",
                            "priority": "0",
                            "proxied": "false",
                            "ttl": "1",
                            "type": "CNAME",
                            "value": "thekev.in",
                            "zone_id": "b16202b6cdadb4d72e460f6c2be19fa7"
                        },
                        "meta": {
                            "schema_version": "1"
                        },
                        "tainted": false
                    },
                    "deposed": [],
                    "provider": ""
                },
                "cloudflare_record.ysr_api": {
                    "type": "cloudflare_record",
                    "depends_on": [],
                    "primary": {
                        "id": "3345f2d0903b6c5883cdb7a43c3290b2",
                        "attributes": {
                            "domain": "thekev.in",
                            "hostname": "api.ysr.thekev.in",
                            "id": "3345f2d0903b6c5883cdb7a43c3290b2",
                            "name": "api.ysr",
                            "priority": "0",
                            "proxied": "false",
                            "ttl": "1",
                            "type": "CNAME",
                            "value": "thekev.in",
                            "zone_id": "b16202b6cdadb4d72e460f6c2be19fa7"
                        },
                        "meta": {
                            "schema_version": "1"
                        },
                        "tainted": false
                    },
                    "deposed": [],
                    "provider": ""
                }
            },
            "depends_on": []
        }
    ]
}
